
Microsoft Visual Studio Solution File, Format Version 11.00
# Visual Studio Version 17

Project("{8BC9CEB8-8B4A-11D0-8D11-00A0C91BC942}") = "HelReverb - Standalone Plugin", "HelReverb_StandalonePlugin.vcxproj", "{A9E249FC-574D-02C9-FA76-5C9A1CF027E4}"
	ProjectSection(ProjectDependencies) = postProject
		{2CF0D3B3-FE93-256E-1D81-BA338876A0A5} = {2CF0D3B3-FE93-256E-1D81-BA338876A0A5}
	EndProjectSection
EndProject
Project("{8BC9CEB8-8B4A-11D0-8D11-00A0C91BC942}") = "HelReverb - VST3", "HelReverb_VST3.vcxproj", "{B2CC7D6D-3093-6B0F-966D-E8FCE496F2B0}"
	ProjectSection(ProjectDependencies) = postProject
		{2CF0D3B3-FE93-256E-1D81-BA338876A0A5} = {2CF0D3B3-FE93-256E-1D81-BA338876A0A5}
		{B76AA79B-081D-8A15-DCB2-0C19BAB2B139} = {B76AA79B-081D-8A15-DCB2-0C19BAB2B139}
	EndProjectSection
EndProject
Project("{8BC9CEB8-8B4A-11D0-8D11-00A0C91BC942}") = "HelReverb - Shared Code", "HelReverb_SharedCode.vcxproj", "{2CF0D3B3-FE93-256E-1D81-BA338876A0A5}"
EndProject
Project("{8BC9CEB8-8B4A-11D0-8D11-00A0C91BC942}") = "HelReverb - VST3 Manifest Helper", "HelReverb_VST3ManifestHelper.vcxproj", "{B76AA79B-081D-8A15-DCB2-0C19BAB2B139}"
EndProject
Global
	GlobalSection(SolutionConfigurationPlatforms) = preSolution
		Debug|x64 = Debug|x64
		Release|x64 = Release|x64
	EndGlobalSection
	GlobalSection(ProjectConfigurationPlatforms) = postSolution
		{B2CC7D6D-3093-6B0F-966D-E8FCE496F2B0}.Debug|x64.ActiveCfg = Debug|x64
		{B2CC7D6D-3093-6B0F-966D-E8FCE496F2B0}.Debug|x64.Build.0 = Debug|x64
		{B2CC7D6D-3093-6B0F-966D-E8FCE496F2B0}.Release|x64.ActiveCfg = Release|x64
		{B2CC7D6D-3093-6B0F-966D-E8FCE496F2B0}.Release|x64.Build.0 = Release|x64
		{A9E249FC-574D-02C9-FA76-5C9A1CF027E4}.Debug|x64.ActiveCfg = Debug|x64
		{A9E249FC-574D-02C9-FA76-5C9A1CF027E4}.Debug|x64.Build.0 = Debug|x64
		{A9E249FC-574D-02C9-FA76-5C9A1CF027E4}.Release|x64.ActiveCfg = Release|x64
		{A9E249FC-574D-02C9-FA76-5C9A1CF027E4}.Release|x64.Build.0 = Release|x64
		{2CF0D3B3-FE93-256E-1D81-BA338876A0A5}.Debug|x64.ActiveCfg = Debug|x64
		{2CF0D3B3-FE93-256E-1D81-BA338876A0A5}.Debug|x64.Build.0 = Debug|x64
		{2CF0D3B3-FE93-256E-1D81-BA338876A0A5}.Release|x64.ActiveCfg = Release|x64
		{2CF0D3B3-FE93-256E-1D81-BA338876A0A5}.Release|x64.Build.0 = Release|x64
		{B76AA79B-081D-8A15-DCB2-0C19BAB2B139}.Debug|x64.ActiveCfg = Debug|x64
		{B76AA79B-081D-8A15-DCB2-0C19BAB2B139}.Debug|x64.Build.0 = Debug|x64
		{B76AA79B-081D-8A15-DCB2-0C19BAB2B139}.Release|x64.ActiveCfg = Release|x64
		{B76AA79B-081D-8A15-DCB2-0C19BAB2B139}.Release|x64.Build.0 = Release|x64
	EndGlobalSection
	GlobalSection(SolutionProperties) = preSolution
		HideSolutionNode = FALSE
	EndGlobalSection
EndGlobal
